
Microsoft Visual Studio Solution File, Format Version 12.00
# Visual Studio Version 16
VisualStudioVersion = 16.0.30114.105
MinimumVisualStudioVersion = 10.0.40219.1
Project("{9A19103F-16F7-4668-BE54-9A1E7A4F7556}") = "Server", "WebSite\Server\Server.csproj", "{85ACE2CA-850A-4D4A-B411-C5AC340B3473}"
EndProject
Project("{9A19103F-16F7-4668-BE54-9A1E7A4F7556}") = "Server.Infrastructure.Test", "WebSite\Infrastructure\Server.Infrastructure.Test\Server.Infrastructure.Test.csproj", "{DB3E4498-3296-47AC-8F5D-A7159CAD58C4}"
EndProject
Project("{9A19103F-16F7-4668-BE54-9A1E7A4F7556}") = "Server.Infrastructure", "WebSite\Infrastructure\Server.Infrastructure\Server.Infrastructure.csproj", "{3932D7C8-C4F9-4E09-BBEE-F11263966B2B}"
EndProject
Project("{9A19103F-16F7-4668-BE54-9A1E7A4F7556}") = "Server.DataBaseCore", "WebSite\DataBaseCore\Server.DataBaseCore\Server.DataBaseCore.csproj", "{DE16C3E7-ED7D-40FE-B6D7-E12B71BC9A20}"
EndProject
Project("{9A19103F-16F7-4668-BE54-9A1E7A4F7556}") = "Server.DataBaseCore.Test", "WebSite\DataBaseCore\Server.DataBaseCore.Test\Server.DataBaseCore.Test.csproj", "{72FF199F-A7AF-4DA1-B8C2-96A7F99641D2}"
EndProject
Project("{2150E333-8FDC-42A3-9474-1A3956D46DE8}") = "WebSite", "WebSite", "{624E84E3-B214-4618-945C-155C6B44D591}"
EndProject
Project("{2150E333-8FDC-42A3-9474-1A3956D46DE8}") = "AdminPanel", "AdminPanel", "{B211B624-5FB8-4E65-9C83-3C1DC4031133}"
EndProject
Project("{9A19103F-16F7-4668-BE54-9A1E7A4F7556}") = "AdminSite", "AdminPanel\AdminSite\AdminSite.csproj", "{F8A64A18-85B5-4B07-81EA-47DBAB3FB064}"
EndProject
Project("{9A19103F-16F7-4668-BE54-9A1E7A4F7556}") = "AdminPanelDataBaseCore", "AdminPanel\AdminPanelDataBaseCore\AdminPanelDataBaseCore.csproj", "{4FB8A529-7B01-4CDA-A21C-D2999A3AEDE9}"
EndProject
Project("{9A19103F-16F7-4668-BE54-9A1E7A4F7556}") = "AdminPanelInfrastructure", "AdminPanel\AdminPanelInfrastructure\AdminPanelInfrastructure.csproj", "{EF18C5C1-9433-4A02-9806-45A220DBF1CD}"
EndProject
Project("{2150E333-8FDC-42A3-9474-1A3956D46DE8}") = "AdminPanelInfrastructure", "AdminPanelInfrastructure", "{4645E5B4-571F-4188-9454-8EE7DFAA48AC}"
EndProject
Project("{2150E333-8FDC-42A3-9474-1A3956D46DE8}") = "AdminPanelDataCore", "AdminPanelDataCore", "{B989501F-B316-4E40-BE07-559EA1DF371A}"
EndProject
Project("{2150E333-8FDC-42A3-9474-1A3956D46DE8}") = "Infrastructure", "Infrastructure", "{1DD76FC5-20B2-4A65-9FD3-DBBB75E6CC62}"
EndProject
Project("{2150E333-8FDC-42A3-9474-1A3956D46DE8}") = "DataBase", "DataBase", "{DA7A1D61-0A01-46D9-A5B9-32EE0175EF45}"
EndProject
Global
	GlobalSection(SolutionConfigurationPlatforms) = preSolution
		Debug|Any CPU = Debug|Any CPU
		Release|Any CPU = Release|Any CPU
	EndGlobalSection
	GlobalSection(ProjectConfigurationPlatforms) = postSolution
		{85ACE2CA-850A-4D4A-B411-C5AC340B3473}.Debug|Any CPU.ActiveCfg = Debug|Any CPU
		{85ACE2CA-850A-4D4A-B411-C5AC340B3473}.Debug|Any CPU.Build.0 = Debug|Any CPU
		{85ACE2CA-850A-4D4A-B411-C5AC340B3473}.Release|Any CPU.ActiveCfg = Release|Any CPU
		{85ACE2CA-850A-4D4A-B411-C5AC340B3473}.Release|Any CPU.Build.0 = Release|Any CPU
		{DB3E4498-3296-47AC-8F5D-A7159CAD58C4}.Debug|Any CPU.ActiveCfg = Debug|Any CPU
		{DB3E4498-3296-47AC-8F5D-A7159CAD58C4}.Debug|Any CPU.Build.0 = Debug|Any CPU
		{DB3E4498-3296-47AC-8F5D-A7159CAD58C4}.Release|Any CPU.ActiveCfg = Release|Any CPU
		{DB3E4498-3296-47AC-8F5D-A7159CAD58C4}.Release|Any CPU.Build.0 = Release|Any CPU
		{3932D7C8-C4F9-4E09-BBEE-F11263966B2B}.Debug|Any CPU.ActiveCfg = Debug|Any CPU
		{3932D7C8-C4F9-4E09-BBEE-F11263966B2B}.Debug|Any CPU.Build.0 = Debug|Any CPU
		{3932D7C8-C4F9-4E09-BBEE-F11263966B2B}.Release|Any CPU.ActiveCfg = Release|Any CPU
		{3932D7C8-C4F9-4E09-BBEE-F11263966B2B}.Release|Any CPU.Build.0 = Release|Any CPU
		{DE16C3E7-ED7D-40FE-B6D7-E12B71BC9A20}.Debug|Any CPU.ActiveCfg = Debug|Any CPU
		{DE16C3E7-ED7D-40FE-B6D7-E12B71BC9A20}.Debug|Any CPU.Build.0 = Debug|Any CPU
		{DE16C3E7-ED7D-40FE-B6D7-E12B71BC9A20}.Release|Any CPU.ActiveCfg = Release|Any CPU
		{DE16C3E7-ED7D-40FE-B6D7-E12B71BC9A20}.Release|Any CPU.Build.0 = Release|Any CPU
		{72FF199F-A7AF-4DA1-B8C2-96A7F99641D2}.Debug|Any CPU.ActiveCfg = Debug|Any CPU
		{72FF199F-A7AF-4DA1-B8C2-96A7F99641D2}.Debug|Any CPU.Build.0 = Debug|Any CPU
		{72FF199F-A7AF-4DA1-B8C2-96A7F99641D2}.Release|Any CPU.ActiveCfg = Release|Any CPU
		{72FF199F-A7AF-4DA1-B8C2-96A7F99641D2}.Release|Any CPU.Build.0 = Release|Any CPU
		{F8A64A18-85B5-4B07-81EA-47DBAB3FB064}.Debug|Any CPU.ActiveCfg = Debug|Any CPU
		{F8A64A18-85B5-4B07-81EA-47DBAB3FB064}.Debug|Any CPU.Build.0 = Debug|Any CPU
		{F8A64A18-85B5-4B07-81EA-47DBAB3FB064}.Release|Any CPU.ActiveCfg = Release|Any CPU
		{F8A64A18-85B5-4B07-81EA-47DBAB3FB064}.Release|Any CPU.Build.0 = Release|Any CPU
		{4FB8A529-7B01-4CDA-A21C-D2999A3AEDE9}.Debug|Any CPU.ActiveCfg = Debug|Any CPU
		{4FB8A529-7B01-4CDA-A21C-D2999A3AEDE9}.Debug|Any CPU.Build.0 = Debug|Any CPU
		{4FB8A529-7B01-4CDA-A21C-D2999A3AEDE9}.Release|Any CPU.ActiveCfg = Release|Any CPU
		{4FB8A529-7B01-4CDA-A21C-D2999A3AEDE9}.Release|Any CPU.Build.0 = Release|Any CPU
		{EF18C5C1-9433-4A02-9806-45A220DBF1CD}.Debug|Any CPU.ActiveCfg = Debug|Any CPU
		{EF18C5C1-9433-4A02-9806-45A220DBF1CD}.Debug|Any CPU.Build.0 = Debug|Any CPU
		{EF18C5C1-9433-4A02-9806-45A220DBF1CD}.Release|Any CPU.ActiveCfg = Release|Any CPU
		{EF18C5C1-9433-4A02-9806-45A220DBF1CD}.Release|Any CPU.Build.0 = Release|Any CPU
	EndGlobalSection
	GlobalSection(SolutionProperties) = preSolution
		HideSolutionNode = FALSE
	EndGlobalSection
	GlobalSection(NestedProjects) = preSolution
		{85ACE2CA-850A-4D4A-B411-C5AC340B3473} = {624E84E3-B214-4618-945C-155C6B44D591}
		{DB3E4498-3296-47AC-8F5D-A7159CAD58C4} = {1DD76FC5-20B2-4A65-9FD3-DBBB75E6CC62}
		{3932D7C8-C4F9-4E09-BBEE-F11263966B2B} = {1DD76FC5-20B2-4A65-9FD3-DBBB75E6CC62}
		{DE16C3E7-ED7D-40FE-B6D7-E12B71BC9A20} = {DA7A1D61-0A01-46D9-A5B9-32EE0175EF45}
		{72FF199F-A7AF-4DA1-B8C2-96A7F99641D2} = {DA7A1D61-0A01-46D9-A5B9-32EE0175EF45}
		{F8A64A18-85B5-4B07-81EA-47DBAB3FB064} = {B211B624-5FB8-4E65-9C83-3C1DC4031133}
		{4FB8A529-7B01-4CDA-A21C-D2999A3AEDE9} = {B989501F-B316-4E40-BE07-559EA1DF371A}
		{EF18C5C1-9433-4A02-9806-45A220DBF1CD} = {4645E5B4-571F-4188-9454-8EE7DFAA48AC}
		{4645E5B4-571F-4188-9454-8EE7DFAA48AC} = {B211B624-5FB8-4E65-9C83-3C1DC4031133}
		{B989501F-B316-4E40-BE07-559EA1DF371A} = {B211B624-5FB8-4E65-9C83-3C1DC4031133}
		{1DD76FC5-20B2-4A65-9FD3-DBBB75E6CC62} = {624E84E3-B214-4618-945C-155C6B44D591}
		{DA7A1D61-0A01-46D9-A5B9-32EE0175EF45} = {624E84E3-B214-4618-945C-155C6B44D591}
	EndGlobalSection
	GlobalSection(ExtensibilityGlobals) = postSolution
		SolutionGuid = {9B7C2D89-EB5D-4A9C-A75D-90EE95C85F64}
	EndGlobalSection
EndGlobal
